// !$*UTF8*$!
{
	archiveVersion = 1;
	classes = {
	};
	objectVersion = 77;
	objects = {

/* Begin PBXContainerItemProxy section */
		52D6DB232E02F39A005D1202 /* PBXContainerItemProxy */ = {
			isa = PBXContainerItemProxy;
			containerPortal = 52D6DB0A2E02F398005D1202 /* Project object */;
			proxyType = 1;
			remoteGlobalIDString = 52D6DB112E02F398005D1202;
			remoteInfo = MasjidConnect;
		};
		52D6DB2D2E02F39A005D1202 /* PBXContainerItemProxy */ = {
			isa = PBXContainerItemProxy;
			containerPortal = 52D6DB0A2E02F398005D1202 /* Project object */;
			proxyType = 1;
			remoteGlobalIDString = 52D6DB112E02F398005D1202;
			remoteInfo = MasjidConnect;
		};
/* End PBXContainerItemProxy section */

/* Begin PBXFileReference section */
		52D6DB122E02F398005D1202 /* MasjidConnect.app */ = {isa = PBXFileReference; explicitFileType = wrapper.application; includeInIndex = 0; path = MasjidConnect.app; sourceTree = BUILT_PRODUCTS_DIR; };
		52D6DB222E02F39A005D1202 /* MasjidConnectTests.xctest */ = {isa = PBXFileReference; explicitFileType = wrapper.cfbundle; includeInIndex = 0; path = MasjidConnectTests.xctest; sourceTree = BUILT_PRODUCTS_DIR; };
		52D6DB2C2E02F39A005D1202 /* MasjidConnectUITests.xctest */ = {isa = PBXFileReference; explicitFileType = wrapper.cfbundle; includeInIndex = 0; path = MasjidConnectUITests.xctest; sourceTree = BUILT_PRODUCTS_DIR; };
/* End PBXFileReference section */

/* Begin PBXFileSystemSynchronizedRootGroup section */
		52D6DB142E02F398005D1202 /* MasjidConnect */ = {
			isa = PBXFileSystemSynchronizedRootGroup;
			path = MasjidConnect;
			sourceTree = "<group>";
		};
		52D6DB252E02F39A005D1202 /* MasjidConnectTests */ = {
			isa = PBXFileSystemSynchronizedRootGroup;
			path = MasjidConnectTests;
			sourceTree = "<group>";
		};
		52D6DB2F2E02F39A005D1202 /* MasjidConnectUITests */ = {
			isa = PBXFileSystemSynchronizedRootGroup;
			path = MasjidConnectUITests;
			sourceTree = "<group>";
		};
/* End PBXFileSystemSynchronizedRootGroup section */

/* Begin PBXFrameworksBuildPhase section */
		52D6DB0F2E02F398005D1202 /* Frameworks */ = {
			isa = PBXFrameworksBuildPhase;
			buildActionMask = 2147483647;
			files = (
			);
			runOnlyForDeploymentPostprocessing = 0;
		};
		52D6DB1F2E02F39A005D1202 /* Frameworks */ = {
			isa = PBXFrameworksBuildPhase;
			buildActionMask = 2147483647;
			files = (
			);
			runOnlyForDeploymentPostprocessing = 0;
		};
		52D6DB292E02F39A005D1202 /* Frameworks */ = {
			isa = PBXFrameworksBuildPhase;
			buildActionMask = 2147483647;
			files = (
			);
			runOnlyForDeploymentPostprocessing = 0;
		};
/* End PBXFrameworksBuildPhase section */

/* Begin PBXGroup section */
		52D6DB092E02F398005D1202 = {
			isa = PBXGroup;
			children = (
				52D6DB142E02F398005D1202 /* MasjidConnect */,
				52D6DB252E02F39A005D1202 /* MasjidConnectTests */,
				52D6DB2F2E02F39A005D1202 /* MasjidConnectUITests */,
				52D6DB132E02F398005D1202 /* Products */,
			);
			sourceTree = "<group>";
		};
		52D6DB132E02F398005D1202 /* Products */ = {
			isa = PBXGroup;
			children = (
				52D6DB122E02F398005D1202 /* MasjidConnect.app */,
				52D6DB222E02F39A005D1202 /* MasjidConnectTests.xctest */,
				52D6DB2C2E02F39A005D1202 /* MasjidConnectUITests.xctest */,
			);
			name = Products;
			sourceTree = "<group>";
		};
/* End PBXGroup section */

/* Begin PBXNativeTarget section */
		52D6DB112E02F398005D1202 /* MasjidConnect */ = {
			isa = PBXNativeTarget;
			buildConfigurationList = 52D6DB362E02F39A005D1202 /* Build configuration list for PBXNativeTarget "MasjidConnect" */;
			buildPhases = (
				52D6DB0E2E02F398005D1202 /* Sources */,
				52D6DB0F2E02F398005D1202 /* Frameworks */,
				52D6DB102E02F398005D1202 /* Resources */,
			);
			buildRules = (
			);
			dependencies = (
			);
			fileSystemSynchronizedGroups = (
				52D6DB142E02F398005D1202 /* MasjidConnect */,
			);
			name = MasjidConnect;
			packageProductDependencies = (
			);
			productName = MasjidConnect;
			productReference = 52D6DB122E02F398005D1202 /* MasjidConnect.app */;
			productType = "com.apple.product-type.application";
		};
		52D6DB212E02F39A005D1202 /* MasjidConnectTests */ = {
			isa = PBXNativeTarget;
			buildConfigurationList = 52D6DB392E02F39A005D1202 /* Build configuration list for PBXNativeTarget "MasjidConnectTests" */;
			buildPhases = (
				52D6DB1E2E02F39A005D1202 /* Sources */,
				52D6DB1F2E02F39A005D1202 /* Frameworks */,
				52D6DB202E02F39A005D1202 /* Resources */,
			);
			buildRules = (
			);
			dependencies = (
				52D6DB242E02F39A005D1202 /* PBXTargetDependency */,
			);
			fileSystemSynchronizedGroups = (
				52D6DB252E02F39A005D1202 /* MasjidConnectTests */,
			);
			name = MasjidConnectTests;
			packageProductDependencies = (
			);
			productName = MasjidConnectTests;
			productReference = 52D6DB222E02F39A005D1202 /* MasjidConnectTests.xctest */;
			productType = "com.apple.product-type.bundle.unit-test";
		};
		52D6DB2B2E02F39A005D1202 /* MasjidConnectUITests */ = {
			isa = PBXNativeTarget;
			buildConfigurationList = 52D6DB3C2E02F39A005D1202 /* Build configuration list for PBXNativeTarget "MasjidConnectUITests" */;
			buildPhases = (
				52D6DB282E02F39A005D1202 /* Sources */,
				52D6DB292E02F39A005D1202 /* Frameworks */,
				52D6DB2A2E02F39A005D1202 /* Resources */,
			);
			buildRules = (
			);
			dependencies = (
				52D6DB2E2E02F39A005D1202 /* PBXTargetDependency */,
			);
			fileSystemSynchronizedGroups = (
				52D6DB2F2E02F39A005D1202 /* MasjidConnectUITests */,
			);
			name = MasjidConnectUITests;
			packageProductDependencies = (
			);
			productName = MasjidConnectUITests;
			productReference = 52D6DB2C2E02F39A005D1202 /* MasjidConnectUITests.xctest */;
			productType = "com.apple.product-type.bundle.ui-testing";
		};
/* End PBXNativeTarget section */

/* Begin PBXProject section */
		52D6DB0A2E02F398005D1202 /* Project object */ = {
			isa = PBXProject;
			attributes = {
				BuildIndependentTargetsInParallel = 1;
				LastSwiftUpdateCheck = 1620;
				LastUpgradeCheck = 1620;
				TargetAttributes = {
					52D6DB112E02F398005D1202 = {
						CreatedOnToolsVersion = 16.2;
					};
					52D6DB212E02F39A005D1202 = {
						CreatedOnToolsVersion = 16.2;
						TestTargetID = 52D6DB112E02F398005D1202;
					};
					52D6DB2B2E02F39A005D1202 = {
						CreatedOnToolsVersion = 16.2;
						TestTargetID = 52D6DB112E02F398005D1202;
					};
				};
			};
			buildConfigurationList = 52D6DB0D2E02F398005D1202 /* Build configuration list for PBXProject "MasjidConnect" */;
			developmentRegion = en;
			hasScannedForEncodings = 0;
			knownRegions = (
				en,
				Base,
			);
			mainGroup = 52D6DB092E02F398005D1202;
			minimizedProjectReferenceProxies = 1;
			preferredProjectObjectVersion = 77;
			productRefGroup = 52D6DB132E02F398005D1202 /* Products */;
			projectDirPath = "";
			projectRoot = "";
			targets = (
				52D6DB112E02F398005D1202 /* MasjidConnect */,
				52D6DB212E02F39A005D1202 /* MasjidConnectTests */,
				52D6DB2B2E02F39A005D1202 /* MasjidConnectUITests */,
			);
		};
/* End PBXProject section */

/* Begin PBXResourcesBuildPhase section */
		52D6DB102E02F398005D1202 /* Resources */ = {
			isa = PBXResourcesBuildPhase;
			buildActionMask = 2147483647;
			files = (
			);
			runOnlyForDeploymentPostprocessing = 0;
		};
		52D6DB202E02F39A005D1202 /* Resources */ = {
			isa = PBXResourcesBuildPhase;
			buildActionMask = 2147483647;
			files = (
			);
			runOnlyForDeploymentPostprocessing = 0;
		};
		52D6DB2A2E02F39A005D1202 /* Resources */ = {
			isa = PBXResourcesBuildPhase;
			buildActionMask = 2147483647;
			files = (
			);
			runOnlyForDeploymentPostprocessing = 0;
		};
/* End PBXResourcesBuildPhase section */

/* Begin PBXSourcesBuildPhase section */
		52D6DB0E2E02F398005D1202 /* Sources */ = {
			isa = PBXSourcesBuildPhase;
			buildActionMask = 2147483647;
			files = (
			);
			runOnlyForDeploymentPostprocessing = 0;
		};
		52D6DB1E2E02F39A005D1202 /* Sources */ = {
			isa = PBXSourcesBuildPhase;
			buildActionMask = 2147483647;
			files = (
			);
			runOnlyForDeploymentPostprocessing = 0;
		};
		52D6DB282E02F39A005D1202 /* Sources */ = {
			isa = PBXSourcesBuildPhase;
			buildActionMask = 2147483647;
			files = (
			);
			runOnlyForDeploymentPostprocessing = 0;
		};
/* End PBXSourcesBuildPhase section */

/* Begin PBXTargetDependency section */
		52D6DB242E02F39A005D1202 /* PBXTargetDependency */ = {
			isa = PBXTargetDependency;
			target = 52D6DB112E02F398005D1202 /* MasjidConnect */;
			targetProxy = 52D6DB232E02F39A005D1202 /* PBXContainerItemProxy */;
		};
		52D6DB2E2E02F39A005D1202 /* PBXTargetDependency */ = {
			isa = PBXTargetDependency;
			target = 52D6DB112E02F398005D1202 /* MasjidConnect */;
			targetProxy = 52D6DB2D2E02F39A005D1202 /* PBXContainerItemProxy */;
		};
/* End PBXTargetDependency section */

/* Begin XCBuildConfiguration section */
		52D6DB342E02F39A005D1202 /* Debug */ = {
			isa = XCBuildConfiguration;
			buildSettings = {
				ALWAYS_SEARCH_USER_PATHS = NO;
				ASSETCATALOG_COMPILER_GENERATE_SWIFT_ASSET_SYMBOL_EXTENSIONS = YES;
				CLANG_ANALYZER_NONNULL = YES;
				CLANG_ANALYZER_NUMBER_OBJECT_CONVERSION = YES_AGGRESSIVE;
				CLANG_CXX_LANGUAGE_STANDARD = "gnu++20";
				CLANG_ENABLE_MODULES = YES;
				CLANG_ENABLE_OBJC_ARC = YES;
				CLANG_ENABLE_OBJC_WEAK = YES;
				CLANG_WARN_BLOCK_CAPTURE_AUTORELEASING = YES;
				CLANG_WARN_BOOL_CONVERSION = YES;
				CLANG_WARN_COMMA = YES;
				CLANG_WARN_CONSTANT_CONVERSION = YES;
				CLANG_WARN_DEPRECATED_OBJC_IMPLEMENTATIONS = YES;
				CLANG_WARN_DIRECT_OBJC_ISA_USAGE = YES_ERROR;
				CLANG_WARN_DOCUMENTATION_COMMENTS = YES;
				CLANG_WARN_EMPTY_BODY = YES;
				CLANG_WARN_ENUM_CONVERSION = YES;
				CLANG_WARN_INFINITE_RECURSION = YES;
				CLANG_WARN_INT_CONVERSION = YES;
				CLANG_WARN_NON_LITERAL_NULL_CONVERSION = YES;
				CLANG_WARN_OBJC_IMPLICIT_RETAIN_SELF = YES;
				CLANG_WARN_OBJC_LITERAL_CONVERSION = YES;
				CLANG_WARN_OBJC_ROOT_CLASS = YES_ERROR;
				CLANG_WARN_QUOTED_INCLUDE_IN_FRAMEWORK_HEADER = YES;
				CLANG_WARN_RANGE_LOOP_ANALYSIS = YES;
				CLANG_WARN_STRICT_PROTOTYPES = YES;
				CLANG_WARN_SUSPICIOUS_MOVE = YES;
				CLANG_WARN_UNGUARDED_AVAILABILITY = YES_AGGRESSIVE;
				CLANG_WARN_UNREACHABLE_CODE = YES;
				CLANG_WARN__DUPLICATE_METHOD_MATCH = YES;
				COPY_PHASE_STRIP = NO;
				DEBUG_INFORMATION_FORMAT = dwarf;
				ENABLE_STRICT_OBJC_MSGSEND = YES;
				ENABLE_TESTABILITY = YES;
				ENABLE_USER_SCRIPT_SANDBOXING = YES;
				GCC_C_LANGUAGE_STANDARD = gnu17;
				GCC_DYNAMIC_NO_PIC = NO;
				GCC_NO_COMMON_BLOCKS = YES;
				GCC_OPTIMIZATION_LEVEL = 0;
				GCC_PREPROCESSOR_DEFINITIONS = (
					"DEBUG=1",
					"$(inherited)",
				);
				GCC_WARN_64_TO_32_BIT_CONVERSION = YES;
				GCC_WARN_ABOUT_RETURN_TYPE = YES_ERROR;
				GCC_WARN_UNDECLARED_SELECTOR = YES;
				GCC_WARN_UNINITIALIZED_AUTOS = YES_AGGRESSIVE;
				GCC_WARN_UNUSED_FUNCTION = YES;
				GCC_WARN_UNUSED_VARIABLE = YES;
				IPHONEOS_DEPLOYMENT_TARGET = 18.2;
				LOCALIZATION_PREFERS_STRING_CATALOGS = YES;
				MTL_ENABLE_DEBUG_INFO = INCLUDE_SOURCE;
				MTL_FAST_MATH = YES;
				ONLY_ACTIVE_ARCH = YES;
				SDKROOT = iphoneos;
				SWIFT_ACTIVE_COMPILATION_CONDITIONS = "DEBUG $(inherited)";
				SWIFT_OPTIMIZATION_LEVEL = "-Onone";
			};
			name = Debug;
		};
		52D6DB352E02F39A005D1202 /* Release */ = {
			isa = XCBuildConfiguration;
			buildSettings = {
				ALWAYS_SEARCH_USER_PATHS = NO;
				ASSETCATALOG_COMPILER_GENERATE_SWIFT_ASSET_SYMBOL_EXTENSIONS = YES;
				CLANG_ANALYZER_NONNULL = YES;
				CLANG_ANALYZER_NUMBER_OBJECT_CONVERSION = YES_AGGRESSIVE;
				CLANG_CXX_LANGUAGE_STANDARD = "gnu++20";
				CLANG_ENABLE_MODULES = YES;
				CLANG_ENABLE_OBJC_ARC = YES;
				CLANG_ENABLE_OBJC_WEAK = YES;
				CLANG_WARN_BLOCK_CAPTURE_AUTORELEASING = YES;
				CLANG_WARN_BOOL_CONVERSION = YES;
				CLANG_WARN_COMMA = YES;
				CLANG_WARN_CONSTANT_CONVERSION = YES;
				CLANG_WARN_DEPRECATED_OBJC_IMPLEMENTATIONS = YES;
				CLANG_WARN_DIRECT_OBJC_ISA_USAGE = YES_ERROR;
				CLANG_WARN_DOCUMENTATION_COMMENTS = YES;
				CLANG_WARN_EMPTY_BODY = YES;
				CLANG_WARN_ENUM_CONVERSION = YES;
				CLANG_WARN_INFINITE_RECURSION = YES;
				CLANG_WARN_INT_CONVERSION = YES;
				CLANG_WARN_NON_LITERAL_NULL_CONVERSION = YES;
				CLANG_WARN_OBJC_IMPLICIT_RETAIN_SELF = YES;
				CLANG_WARN_OBJC_LITERAL_CONVERSION = YES;
				CLANG_WARN_OBJC_ROOT_CLASS = YES_ERROR;
				CLANG_WARN_QUOTED_INCLUDE_IN_FRAMEWORK_HEADER = YES;
				CLANG_WARN_RANGE_LOOP_ANALYSIS = YES;
				CLANG_WARN_STRICT_PROTOTYPES = YES;
				CLANG_WARN_SUSPICIOUS_MOVE = YES;
				CLANG_WARN_UNGUARDED_AVAILABILITY = YES_AGGRESSIVE;
				CLANG_WARN_UNREACHABLE_CODE = YES;
				CLANG_WARN__DUPLICATE_METHOD_MATCH = YES;
				COPY_PHASE_STRIP = NO;
				DEBUG_INFORMATION_FORMAT = "dwarf-with-dsym";
				ENABLE_NS_ASSERTIONS = NO;
				ENABLE_STRICT_OBJC_MSGSEND = YES;
				ENABLE_USER_SCRIPT_SANDBOXING = YES;
				GCC_C_LANGUAGE_STANDARD = gnu17;
				GCC_NO_COMMON_BLOCKS = YES;
				GCC_WARN_64_TO_32_BIT_CONVERSION = YES;
				GCC_WARN_ABOUT_RETURN_TYPE = YES_ERROR;
				GCC_WARN_UNDECLARED_SELECTOR = YES;
				GCC_WARN_UNINITIALIZED_AUTOS = YES_AGGRESSIVE;
				GCC_WARN_UNUSED_FUNCTION = YES;
				GCC_WARN_UNUSED_VARIABLE = YES;
				IPHONEOS_DEPLOYMENT_TARGET = 18.2;
				LOCALIZATION_PREFERS_STRING_CATALOGS = YES;
				MTL_ENABLE_DEBUG_INFO = NO;
				MTL_FAST_MATH = YES;
				SDKROOT = iphoneos;
				SWIFT_COMPILATION_MODE = wholemodule;
				VALIDATE_PRODUCT = YES;
			};
			name = Release;
		};
		52D6DB372E02F39A005D1202 /* Debug */ = {
			isa = XCBuildConfiguration;
			buildSettings = {
				ASSETCATALOG_COMPILER_APPICON_NAME = AppIcon;
				ASSETCATALOG_COMPILER_GLOBAL_ACCENT_COLOR_NAME = AccentColor;
				CODE_SIGN_STYLE = Automatic;
				CURRENT_PROJECT_VERSION = 1;
				DEVELOPMENT_ASSET_PATHS = "\"MasjidConnect/Preview Content\"";
				ENABLE_PREVIEWS = YES;
				GENERATE_INFOPLIST_FILE = YES;
				INFOPLIST_KEY_NSLocationWhenInUseUsageDescription = "This app uses your location to get prayer times";
				INFOPLIST_KEY_UIApplicationSceneManifest_Generation = YES;
				INFOPLIST_KEY_UIApplicationSupportsIndirectInputEvents = YES;
				INFOPLIST_KEY_UILaunchScreen_Generation = YES;
				INFOPLIST_KEY_UISupportedInterfaceOrientations_iPad = "UIInterfaceOrientationPortrait UIInterfaceOrientationPortraitUpsideDown UIInterfaceOrientationLandscapeLeft UIInterfaceOrientationLandscapeRight";
				INFOPLIST_KEY_UISupportedInterfaceOrientations_iPhone = "UIInterfaceOrientationPortrait UIInterfaceOrientationLandscapeLeft UIInterfaceOrientationLandscapeRight";
				LD_RUNPATH_SEARCH_PATHS = (
					"$(inherited)",
					"@executable_path/Frameworks",
				);
				MARKETING_VERSION = 1.0;
				PRODUCT_BUNDLE_IDENTIFIER = me.delic.nedim.MasjidConnect;
				PRODUCT_NAME = "$(TARGET_NAME)";
				SWIFT_EMIT_LOC_STRINGS = YES;
				SWIFT_VERSION = 5.0;
				TARGETED_DEVICE_FAMILY = "1,2";
			};
			name = Debug;
		};
		52D6DB382E02F39A005D1202 /* Release */ = {
			isa = XCBuildConfiguration;
			buildSettings = {
				ASSETCATALOG_COMPILER_APPICON_NAME = AppIcon;
				ASSETCATALOG_COMPILER_GLOBAL_ACCENT_COLOR_NAME = AccentColor;
				CODE_SIGN_STYLE = Automatic;
				CURRENT_PROJECT_VERSION = 1;
				DEVELOPMENT_ASSET_PATHS = "\"MasjidConnect/Preview Content\"";
				ENABLE_PREVIEWS = YES;
				GENERATE_INFOPLIST_FILE = YES;
				INFOPLIST_KEY_NSLocationWhenInUseUsageDescription = "This app uses your location to get prayer times";
				INFOPLIST_KEY_UIApplicationSceneManifest_Generation = YES;
				INFOPLIST_KEY_UIApplicationSupportsIndirectInputEvents = YES;
				INFOPLIST_KEY_UILaunchScreen_Generation = YES;
				INFOPLIST_KEY_UISupportedInterfaceOrientations_iPad = "UIInterfaceOrientationPortrait UIInterfaceOrientationPortraitUpsideDown UIInterfaceOrientationLandscapeLeft UIInterfaceOrientationLandscapeRight";
				INFOPLIST_KEY_UISupportedInterfaceOrientations_iPhone = "UIInterfaceOrientationPortrait UIInterfaceOrientationLandscapeLeft UIInterfaceOrientationLandscapeRight";
				LD_RUNPATH_SEARCH_PATHS = (
					"$(inherited)",
					"@executable_path/Frameworks",
				);
				MARKETING_VERSION = 1.0;
				PRODUCT_BUNDLE_IDENTIFIER = me.delic.nedim.MasjidConnect;
				PRODUCT_NAME = "$(TARGET_NAME)";
				SWIFT_EMIT_LOC_STRINGS = YES;
				SWIFT_VERSION = 5.0;
				TARGETED_DEVICE_FAMILY = "1,2";
			};
			name = Release;
		};
		52D6DB3A2E02F39A005D1202 /* Debug */ = {
			isa = XCBuildConfiguration;
			buildSettings = {
				BUNDLE_LOADER = "$(TEST_HOST)";
				CODE_SIGN_STYLE = Automatic;
				CURRENT_PROJECT_VERSION = 1;
				GENERATE_INFOPLIST_FILE = YES;
				IPHONEOS_DEPLOYMENT_TARGET = 18.2;
				MARKETING_VERSION = 1.0;
				PRODUCT_BUNDLE_IDENTIFIER = me.delic.nedim.MasjidConnectTests;
				PRODUCT_NAME = "$(TARGET_NAME)";
				SWIFT_EMIT_LOC_STRINGS = NO;
				SWIFT_VERSION = 5.0;
				TARGETED_DEVICE_FAMILY = "1,2";
				TEST_HOST = "$(BUILT_PRODUCTS_DIR)/MasjidConnect.app/$(BUNDLE_EXECUTABLE_FOLDER_PATH)/MasjidConnect";
			};
			name = Debug;
		};
		52D6DB3B2E02F39A005D1202 /* Release */ = {
			isa = XCBuildConfiguration;
			buildSettings = {
				BUNDLE_LOADER = "$(TEST_HOST)";
				CODE_SIGN_STYLE = Automatic;
				CURRENT_PROJECT_VERSION = 1;
				GENERATE_INFOPLIST_FILE = YES;
				IPHONEOS_DEPLOYMENT_TARGET = 18.2;
				MARKETING_VERSION = 1.0;
				PRODUCT_BUNDLE_IDENTIFIER = me.delic.nedim.MasjidConnectTests;
				PRODUCT_NAME = "$(TARGET_NAME)";
				SWIFT_EMIT_LOC_STRINGS = NO;
				SWIFT_VERSION = 5.0;
				TARGETED_DEVICE_FAMILY = "1,2";
				TEST_HOST = "$(BUILT_PRODUCTS_DIR)/MasjidConnect.app/$(BUNDLE_EXECUTABLE_FOLDER_PATH)/MasjidConnect";
			};
			name = Release;
		};
		52D6DB3D2E02F39A005D1202 /* Debug */ = {
			isa = XCBuildConfiguration;
			buildSettings = {
				CODE_SIGN_STYLE = Automatic;
				CURRENT_PROJECT_VERSION = 1;
				GENERATE_INFOPLIST_FILE = YES;
				MARKETING_VERSION = 1.0;
				PRODUCT_BUNDLE_IDENTIFIER = me.delic.nedim.MasjidConnectUITests;
				PRODUCT_NAME = "$(TARGET_NAME)";
				SWIFT_EMIT_LOC_STRINGS = NO;
				SWIFT_VERSION = 5.0;
				TARGETED_DEVICE_FAMILY = "1,2";
				TEST_TARGET_NAME = MasjidConnect;
			};
			name = Debug;
		};
		52D6DB3E2E02F39A005D1202 /* Release */ = {
			isa = XCBuildConfiguration;
			buildSettings = {
				CODE_SIGN_STYLE = Automatic;
				CURRENT_PROJECT_VERSION = 1;
				GENERATE_INFOPLIST_FILE = YES;
				MARKETING_VERSION = 1.0;
				PRODUCT_BUNDLE_IDENTIFIER = me.delic.nedim.MasjidConnectUITests;
				PRODUCT_NAME = "$(TARGET_NAME)";
				SWIFT_EMIT_LOC_STRINGS = NO;
				SWIFT_VERSION = 5.0;
				TARGETED_DEVICE_FAMILY = "1,2";
				TEST_TARGET_NAME = MasjidConnect;
			};
			name = Release;
		};
/* End XCBuildConfiguration section */

/* Begin XCConfigurationList section */
		52D6DB0D2E02F398005D1202 /* Build configuration list for PBXProject "MasjidConnect" */ = {
			isa = XCConfigurationList;
			buildConfigurations = (
				52D6DB342E02F39A005D1202 /* Debug */,
				52D6DB352E02F39A005D1202 /* Release */,
			);
			defaultConfigurationIsVisible = 0;
			defaultConfigurationName = Release;
		};
		52D6DB362E02F39A005D1202 /* Build configuration list for PBXNativeTarget "MasjidConnect" */ = {
			isa = XCConfigurationList;
			buildConfigurations = (
				52D6DB372E02F39A005D1202 /* Debug */,
				52D6DB382E02F39A005D1202 /* Release */,
			);
			defaultConfigurationIsVisible = 0;
			defaultConfigurationName = Release;
		};
		52D6DB392E02F39A005D1202 /* Build configuration list for PBXNativeTarget "MasjidConnectTests" */ = {
			isa = XCConfigurationList;
			buildConfigurations = (
				52D6DB3A2E02F39A005D1202 /* Debug */,
				52D6DB3B2E02F39A005D1202 /* Release */,
			);
			defaultConfigurationIsVisible = 0;
			defaultConfigurationName = Release;
		};
		52D6DB3C2E02F39A005D1202 /* Build configuration list for PBXNativeTarget "MasjidConnectUITests" */ = {
			isa = XCConfigurationList;
			buildConfigurations = (
				52D6DB3D2E02F39A005D1202 /* Debug */,
				52D6DB3E2E02F39A005D1202 /* Release */,
			);
			defaultConfigurationIsVisible = 0;
			defaultConfigurationName = Release;
		};
/* End XCConfigurationList section */
	};
	rootObject = 52D6DB0A2E02F398005D1202 /* Project object */;
}
